
Microsoft Visual Studio Solution File, Format Version 12.00
# Visual Studio Version 16
VisualStudioVersion = 16.0.30114.105
MinimumVisualStudioVersion = 10.0.40219.1
Project("{2150E333-8FDC-42A3-9474-1A3956D46DE8}") = "src", "src", "{9A9C3EB3-754F-494D-8E81-383D7F911F4D}"
EndProject
Project("{2150E333-8FDC-42A3-9474-1A3956D46DE8}") = "Accounts", "Accounts", "{3D6EEA79-EBA0-42F7-8338-BFE9AE0A86D7}"
EndProject
Project("{FAE04EC0-301F-11D3-BF4B-00C04F79EFBC}") = "Accounts.API", "src\Accounts\Accounts.API\Accounts.API.csproj", "{2884ABB8-2F13-4EEB-A337-808A8A9E01B8}"
EndProject
Project("{2150E333-8FDC-42A3-9474-1A3956D46DE8}") = "Customers", "Customers", "{7CB722A5-7290-4CBC-B153-EB3490FC7D9F}"
EndProject
Project("{FAE04EC0-301F-11D3-BF4B-00C04F79EFBC}") = "Customers.API", "src\Customers\Customers.API\Customers.API.csproj", "{13149AC0-1093-4F6F-ABE4-8A8A8192BF08}"
EndProject
Project("{2150E333-8FDC-42A3-9474-1A3956D46DE8}") = "Transfers", "Transfers", "{6E9DEA73-D4FE-4A8A-A5C0-468C42ABD975}"
EndProject
Project("{FAE04EC0-301F-11D3-BF4B-00C04F79EFBC}") = "Transfers.API", "src\Transfers\Transfers.API\Transfers.API.csproj", "{089CD1EE-C528-4B55-90AB-06A33ED30315}"
EndProject
Global
	GlobalSection(SolutionConfigurationPlatforms) = preSolution
		Debug|Any CPU = Debug|Any CPU
		Debug|x64 = Debug|x64
		Debug|x86 = Debug|x86
		Release|Any CPU = Release|Any CPU
		Release|x64 = Release|x64
		Release|x86 = Release|x86
	EndGlobalSection
	GlobalSection(SolutionProperties) = preSolution
		HideSolutionNode = FALSE
	EndGlobalSection
	GlobalSection(ProjectConfigurationPlatforms) = postSolution
		{2884ABB8-2F13-4EEB-A337-808A8A9E01B8}.Debug|Any CPU.ActiveCfg = Debug|Any CPU
		{2884ABB8-2F13-4EEB-A337-808A8A9E01B8}.Debug|Any CPU.Build.0 = Debug|Any CPU
		{2884ABB8-2F13-4EEB-A337-808A8A9E01B8}.Debug|x64.ActiveCfg = Debug|Any CPU
		{2884ABB8-2F13-4EEB-A337-808A8A9E01B8}.Debug|x64.Build.0 = Debug|Any CPU
		{2884ABB8-2F13-4EEB-A337-808A8A9E01B8}.Debug|x86.ActiveCfg = Debug|Any CPU
		{2884ABB8-2F13-4EEB-A337-808A8A9E01B8}.Debug|x86.Build.0 = Debug|Any CPU
		{2884ABB8-2F13-4EEB-A337-808A8A9E01B8}.Release|Any CPU.ActiveCfg = Release|Any CPU
		{2884ABB8-2F13-4EEB-A337-808A8A9E01B8}.Release|Any CPU.Build.0 = Release|Any CPU
		{2884ABB8-2F13-4EEB-A337-808A8A9E01B8}.Release|x64.ActiveCfg = Release|Any CPU
		{2884ABB8-2F13-4EEB-A337-808A8A9E01B8}.Release|x64.Build.0 = Release|Any CPU
		{2884ABB8-2F13-4EEB-A337-808A8A9E01B8}.Release|x86.ActiveCfg = Release|Any CPU
		{2884ABB8-2F13-4EEB-A337-808A8A9E01B8}.Release|x86.Build.0 = Release|Any CPU
		{13149AC0-1093-4F6F-ABE4-8A8A8192BF08}.Debug|Any CPU.ActiveCfg = Debug|Any CPU
		{13149AC0-1093-4F6F-ABE4-8A8A8192BF08}.Debug|Any CPU.Build.0 = Debug|Any CPU
		{13149AC0-1093-4F6F-ABE4-8A8A8192BF08}.Debug|x64.ActiveCfg = Debug|Any CPU
		{13149AC0-1093-4F6F-ABE4-8A8A8192BF08}.Debug|x64.Build.0 = Debug|Any CPU
		{13149AC0-1093-4F6F-ABE4-8A8A8192BF08}.Debug|x86.ActiveCfg = Debug|Any CPU
		{13149AC0-1093-4F6F-ABE4-8A8A8192BF08}.Debug|x86.Build.0 = Debug|Any CPU
		{13149AC0-1093-4F6F-ABE4-8A8A8192BF08}.Release|Any CPU.ActiveCfg = Release|Any CPU
		{13149AC0-1093-4F6F-ABE4-8A8A8192BF08}.Release|Any CPU.Build.0 = Release|Any CPU
		{13149AC0-1093-4F6F-ABE4-8A8A8192BF08}.Release|x64.ActiveCfg = Release|Any CPU
		{13149AC0-1093-4F6F-ABE4-8A8A8192BF08}.Release|x64.Build.0 = Release|Any CPU
		{13149AC0-1093-4F6F-ABE4-8A8A8192BF08}.Release|x86.ActiveCfg = Release|Any CPU
		{13149AC0-1093-4F6F-ABE4-8A8A8192BF08}.Release|x86.Build.0 = Release|Any CPU
		{089CD1EE-C528-4B55-90AB-06A33ED30315}.Debug|Any CPU.ActiveCfg = Debug|Any CPU
		{089CD1EE-C528-4B55-90AB-06A33ED30315}.Debug|Any CPU.Build.0 = Debug|Any CPU
		{089CD1EE-C528-4B55-90AB-06A33ED30315}.Debug|x64.ActiveCfg = Debug|Any CPU
		{089CD1EE-C528-4B55-90AB-06A33ED30315}.Debug|x64.Build.0 = Debug|Any CPU
		{089CD1EE-C528-4B55-90AB-06A33ED30315}.Debug|x86.ActiveCfg = Debug|Any CPU
		{089CD1EE-C528-4B55-90AB-06A33ED30315}.Debug|x86.Build.0 = Debug|Any CPU
		{089CD1EE-C528-4B55-90AB-06A33ED30315}.Release|Any CPU.ActiveCfg = Release|Any CPU
		{089CD1EE-C528-4B55-90AB-06A33ED30315}.Release|Any CPU.Build.0 = Release|Any CPU
		{089CD1EE-C528-4B55-90AB-06A33ED30315}.Release|x64.ActiveCfg = Release|Any CPU
		{089CD1EE-C528-4B55-90AB-06A33ED30315}.Release|x64.Build.0 = Release|Any CPU
		{089CD1EE-C528-4B55-90AB-06A33ED30315}.Release|x86.ActiveCfg = Release|Any CPU
		{089CD1EE-C528-4B55-90AB-06A33ED30315}.Release|x86.Build.0 = Release|Any CPU
	EndGlobalSection
	GlobalSection(NestedProjects) = preSolution
		{3D6EEA79-EBA0-42F7-8338-BFE9AE0A86D7} = {9A9C3EB3-754F-494D-8E81-383D7F911F4D}
		{2884ABB8-2F13-4EEB-A337-808A8A9E01B8} = {3D6EEA79-EBA0-42F7-8338-BFE9AE0A86D7}
		{7CB722A5-7290-4CBC-B153-EB3490FC7D9F} = {9A9C3EB3-754F-494D-8E81-383D7F911F4D}
		{13149AC0-1093-4F6F-ABE4-8A8A8192BF08} = {7CB722A5-7290-4CBC-B153-EB3490FC7D9F}
		{6E9DEA73-D4FE-4A8A-A5C0-468C42ABD975} = {9A9C3EB3-754F-494D-8E81-383D7F911F4D}
		{089CD1EE-C528-4B55-90AB-06A33ED30315} = {6E9DEA73-D4FE-4A8A-A5C0-468C42ABD975}
	EndGlobalSection
EndGlobal
